
Microsoft Visual Studio Solution File, Format Version 12.00
# Visual Studio Version 17
VisualStudioVersion = 17.14.36414.22 d17.14
MinimumVisualStudioVersion = 10.0.40219.1
Project("{8BC9CEB8-8B4A-11D0-8D11-00A0C91BC942}") = "Hangman", "Hangman\Hangman.vcxproj", "{AE239D1D-764E-4EFC-A09B-CEDEF6F5A99D}"
EndProject
Project("{8BC9CEB8-8B4A-11D0-8D11-00A0C91BC942}") = "UnitTest1", "UnitTest1\UnitTest1.vcxproj", "{5768658D-5753-57BE-9F55-89088097DC31}"
EndProject
Global
	GlobalSection(SolutionConfigurationPlatforms) = preSolution
		Debug|x64 = Debug|x64
		Debug|x86 = Debug|x86
		Release|x64 = Release|x64
		Release|x86 = Release|x86
	EndGlobalSection
	GlobalSection(ProjectConfigurationPlatforms) = postSolution
		{AE239D1D-764E-4EFC-A09B-CEDEF6F5A99D}.Debug|x64.ActiveCfg = Debug|x64
		{AE239D1D-764E-4EFC-A09B-CEDEF6F5A99D}.Debug|x64.Build.0 = Debug|x64
		{AE239D1D-764E-4EFC-A09B-CEDEF6F5A99D}.Debug|x86.ActiveCfg = Debug|Win32
		{AE239D1D-764E-4EFC-A09B-CEDEF6F5A99D}.Debug|x86.Build.0 = Debug|Win32
		{AE239D1D-764E-4EFC-A09B-CEDEF6F5A99D}.Release|x64.ActiveCfg = Release|x64
		{AE239D1D-764E-4EFC-A09B-CEDEF6F5A99D}.Release|x64.Build.0 = Release|x64
		{AE239D1D-764E-4EFC-A09B-CEDEF6F5A99D}.Release|x86.ActiveCfg = Release|Win32
		{AE239D1D-764E-4EFC-A09B-CEDEF6F5A99D}.Release|x86.Build.0 = Release|Win32
		{5768658D-5753-57BE-9F55-89088097DC31}.Debug|x64.ActiveCfg = Debug|x64
		{5768658D-5753-57BE-9F55-89088097DC31}.Debug|x64.Build.0 = Debug|x64
		{5768658D-5753-57BE-9F55-89088097DC31}.Debug|x86.ActiveCfg = Debug|Win32
		{5768658D-5753-57BE-9F55-89088097DC31}.Debug|x86.Build.0 = Debug|Win32
		{5768658D-5753-57BE-9F55-89088097DC31}.Release|x64.ActiveCfg = Release|x64
		{5768658D-5753-57BE-9F55-89088097DC31}.Release|x64.Build.0 = Release|x64
		{5768658D-5753-57BE-9F55-89088097DC31}.Release|x86.ActiveCfg = Release|Win32
		{5768658D-5753-57BE-9F55-89088097DC31}.Release|x86.Build.0 = Release|Win32
	EndGlobalSection
	GlobalSection(SolutionProperties) = preSolution
		HideSolutionNode = FALSE
	EndGlobalSection
	GlobalSection(ExtensibilityGlobals) = postSolution
		SolutionGuid = {08887647-8C3D-4131-A970-99A61B871B16}
	EndGlobalSection
EndGlobal
